{
  "name": "gitgud",
  "version": "1.0.0",
  "lockfileVersion": 1,
  "requires": true,
  "dependencies": {
    "angular": {
      "version": "1.6.6",
      "resolved": "https://registry.npmjs.org/angular/-/angular-1.6.6.tgz",
      "integrity": "sha1-/Vo8+0N844LYVO4BEgeXl4Uny2Q="
    },
    "angular-sanitize": {
      "version": "1.6.6",
      "resolved": "https://registry.npmjs.org/angular-sanitize/-/angular-sanitize-1.6.6.tgz",
      "integrity": "sha1-D9BloZkxUX++zmZZbTJdcrbgYEE="
    },
    "angularjs-scroll-glue": {
      "version": "2.2.0",
      "resolved": "https://registry.npmjs.org/angularjs-scroll-glue/-/angularjs-scroll-glue-2.2.0.tgz",
      "integrity": "sha1-B9M5msFsqHTGO2te4u4wVYs35dE="
    },
    "bootstrap": {
      "version": "3.3.7",
      "resolved": "https://registry.npmjs.org/bootstrap/-/bootstrap-3.3.7.tgz",
      "integrity": "sha1-WjiTlFSfIzMIdaOxUGVldPip63E="
    },
    "gitgraph.js": {
      "version": "1.11.4",
      "resolved": "https://registry.npmjs.org/gitgraph.js/-/gitgraph.js-1.11.4.tgz",
      "integrity": "sha512-dST+TPbuaE3oa4uz1zDe629vYkK7zEcPPy6/nQlW06Y+HQCA4cZuFOLzMCZsLZh9N++Qk6dzRqgrjKkNC+U3lg=="
    }
  }
}
